{
    "_readme": [
        "This file locks the dependencies of your project to a known state",
        "Read more about it at https://getcomposer.org/doc/01-basic-usage.md#composer-lock-the-lock-file",
        "This file is @generated automatically"
    ],
    "content-hash": "977800f5b3cef5e22d5a287c34400c9d",
    "packages": [
        {
            "name": "bulton-fr/bfw",
            "version": "3.0.0-rc.9",
            "source": {
                "type": "git",
                "url": "https://github.com/bulton-fr/bfw.git",
                "reference": "4096e2964e86f1e575f005f9b551d0fc5bab71e7"
            },
            "dist": {
                "type": "zip",
                "url": "https://api.github.com/repos/bulton-fr/bfw/zipball/4096e2964e86f1e575f005f9b551d0fc5bab71e7",
                "reference": "4096e2964e86f1e575f005f9b551d0fc5bab71e7",
                "shasum": ""
            },
            "require": {
                "bulton-fr/dependency-tree": "@stable",
                "monolog/monolog": "~1.0",
                "php": "^7.0.0"
            },
            "require-dev": {
                "atoum/atoum": "~3.1",
                "atoum/visibility-extension": "~1.3"
            },
            "suggest": {
                "bulton-fr/bfw-api": "API module for the framework",
                "bulton-fr/bfw-controller": "Controller module for the framework",
                "bulton-fr/bfw-fastroute": "Router module for the framework who use fastroute lib",
                "bulton-fr/bfw-fenom": "Template module for the framework who use fenom",
                "bulton-fr/bfw-sql": "Queries systems module for the framework",
                "ext-memcached": "To save datas into your memory and be faster to access it"
            },
            "bin": [
                "bin/bfwInstall",
                "bin/bfwInstallModules"
            ],
            "type": "library",
            "autoload": {
                "psr-4": {
                    "BFW\\": "src"
                }
            },
            "notification-url": "https://packagist.org/downloads/",
            "license": [
                "LGPL-3.0"
            ],
            "authors": [
                {
                    "name": "Vermeulen Maxime / Bulton",
                    "email": "bulton.fr@gmail.com",
                    "homepage": "http://www.bulton.fr"
                }
            ],
            "description": "Framework PHP",
            "homepage": "https://github.com/bulton-fr/bfw",
            "keywords": [
                "framework",
                "php"
            ],
            "time": "2016-05-29T00:00:00+00:00"
        },
        {
            "name": "bulton-fr/bfw-api",
            "version": "2.0.0-rc.9",
            "source": {
                "type": "git",
                "url": "https://github.com/bulton-fr/bfw-api.git",
                "reference": "21421b37ea77a34b8e9540edd4c62eb25ee5b0d6"
            },
            "dist": {
                "type": "zip",
                "url": "https://api.github.com/repos/bulton-fr/bfw-api/zipball/21421b37ea77a34b8e9540edd4c62eb25ee5b0d6",
                "reference": "21421b37ea77a34b8e9540edd4c62eb25ee5b0d6",
                "shasum": ""
            },
            "require": {
                "bulton-fr/bfw": "3.0.0-rc.9",
                "bulton-fr/php-to-xml": "1.0.0",
                "nikic/fast-route": "~v1.3",
                "php": "^7.0.0"
            },
            "require-dev": {
                "atoum/atoum": "~3.1",
                "atoum/visibility-extension": "~1.3"
            },
            "type": "library",
            "autoload": {
                "psr-4": {
                    "BfwApi\\": "src/"
                }
            },
            "notification-url": "https://packagist.org/downloads/",
            "license": [
                "LGPL-3.0"
            ],
            "authors": [
                {
                    "name": "Vermeulen Maxime / Bulton",
                    "email": "bulton.fr@bulton.fr",
                    "homepage": "http://www.bulton.fr"
                }
            ],
            "description": "API module for BFW",
            "homepage": "https://github.com/bulton-fr/bfw-api",
            "keywords": [
                "api",
                "bfw",
                "module"
            ],
            "time": "2016-10-23T00:00:00+00:00"
        },
        {
            "name": "bulton-fr/bfw-controller",
            "version": "3.0.0-rc.9",
            "source": {
                "type": "git",
                "url": "https://github.com/bulton-fr/bfw-controller.git",
                "reference": "3db7c85f1e41ca97fe21343e892836d1dbd3c470"
            },
            "dist": {
                "type": "zip",
                "url": "https://api.github.com/repos/bulton-fr/bfw-controller/zipball/3db7c85f1e41ca97fe21343e892836d1dbd3c470",
                "reference": "3db7c85f1e41ca97fe21343e892836d1dbd3c470",
                "shasum": ""
            },
            "require": {
                "bulton-fr/bfw": "3.0.0-rc.9",
                "php": "^7.0.0"
            },
            "require-dev": {
                "atoum/atoum": "~3.1",
                "atoum/visibility-extension": "~1.3"
            },
            "type": "library",
            "autoload": {
                "psr-4": {
                    "BfwController\\": "src/"
                }
            },
            "notification-url": "https://packagist.org/downloads/",
            "license": [
                "LGPL-3.0"
            ],
            "authors": [
                {
                    "name": "Vermeulen Maxime / Bulton",
                    "email": "bulton.fr@bulton.fr",
                    "homepage": "http://www.bulton.fr"
                }
            ],
            "description": "Controllers module for BFW",
            "homepage": "https://github.com/bulton-fr/bfw-controller",
            "keywords": [
                "bfw",
                "controller",
                "module"
            ],
            "time": "2016-10-08T00:00:00+00:00"
        },
        {
            "name": "bulton-fr/bfw-fastroute",
            "version": "2.0.0-rc.9",
            "source": {
                "type": "git",
                "url": "https://github.com/bulton-fr/bfw-fastroute.git",
                "reference": "e8e5493bfe9baf651eabefa7cbca3527fa0fb49b"
            },
            "dist": {
                "type": "zip",
                "url": "https://api.github.com/repos/bulton-fr/bfw-fastroute/zipball/e8e5493bfe9baf651eabefa7cbca3527fa0fb49b",
                "reference": "e8e5493bfe9baf651eabefa7cbca3527fa0fb49b",
                "shasum": ""
            },
            "require": {
                "bulton-fr/bfw": "3.0.0-rc.9",
                "nikic/fast-route": "~v1.3",
                "php": "^7.0.0"
            },
            "require-dev": {
                "atoum/atoum": "~3.1",
                "atoum/visibility-extension": "~1.3"
            },
            "type": "library",
            "autoload": {
                "psr-4": {
                    "BfwFastRoute\\": "src/"
                }
            },
            "notification-url": "https://packagist.org/downloads/",
            "license": [
                "LGPL-3.0"
            ],
            "authors": [
                {
                    "name": "Vermeulen Maxime / Bulton",
                    "email": "bulton.fr@bulton.fr",
                    "homepage": "http://www.bulton.fr"
                }
            ],
            "description": "Router module for BFW",
            "homepage": "https://github.com/bulton-fr/bfw-fastroute",
            "keywords": [
                "bfw",
                "module",
                "router"
            ],
            "time": "2016-10-13T00:00:00+00:00"
        },
        {
            "name": "bulton-fr/bfw-fenom",
            "version": "2.0.0-rc.9",
            "source": {
                "type": "git",
                "url": "https://github.com/bulton-fr/bfw-fenom.git",
                "reference": "ee2d1b0702530b522268b1044637faaee4015d21"
            },
            "dist": {
                "type": "zip",
                "url": "https://api.github.com/repos/bulton-fr/bfw-fenom/zipball/ee2d1b0702530b522268b1044637faaee4015d21",
                "reference": "ee2d1b0702530b522268b1044637faaee4015d21",
                "shasum": ""
            },
            "require": {
                "bulton-fr/bfw": "3.0.0-rc.9",
                "fenom/fenom": "~2.8",
                "php": "^7.0.0"
            },
            "type": "library",
            "notification-url": "https://packagist.org/downloads/",
            "license": [
                "LGPL-3.0"
            ],
            "authors": [
                {
                    "name": "Vermeulen Maxime / Bulton",
                    "email": "bulton.fr@bulton.fr",
                    "homepage": "http://www.bulton.fr"
                }
            ],
            "description": "Fenom template module for BFW",
            "homepage": "https://github.com/bulton-fr/bfw-fenom",
            "keywords": [
                "bfw",
                "fenom",
                "module",
                "template"
            ],
            "time": "2016-03-26T00:00:00+00:00"
        },
        {
            "name": "bulton-fr/bfw-sql",
            "version": "2.0.x-dev",
            "source": {
                "type": "git",
                "url": "https://github.com/bulton-fr/bfw-sql.git",
                "reference": "23dc66f82a9fcf96caf23067a40517fce06b5292"
            },
            "dist": {
                "type": "zip",
                "url": "https://api.github.com/repos/bulton-fr/bfw-sql/zipball/23dc66f82a9fcf96caf23067a40517fce06b5292",
                "reference": "23dc66f82a9fcf96caf23067a40517fce06b5292",
                "shasum": ""
            },
            "require": {
                "bulton-fr/bfw": "3.0.0-rc.9",
                "php": "^7.0.0"
            },
            "require-dev": {
                "atoum/atoum": "~3.1",
                "atoum/visibility-extension": "~1.3"
            },
            "type": "library",
            "autoload": {
                "psr-4": {
                    "BfwSql\\": "src/"
                }
            },
            "notification-url": "https://packagist.org/downloads/",
            "license": [
                "LGPL-3.0"
            ],
            "authors": [
                {
                    "name": "Vermeulen Maxime / Bulton",
                    "email": "bulton.fr@bulton.fr",
                    "homepage": "http://www.bulton.fr"
                }
            ],
            "description": "SQL Module for BFW",
            "homepage": "https://github.com/bulton-fr/bfw-sql",
            "keywords": [
                "bfw",
                "module",
                "pdo",
                "sql"
            ],
            "time": "2018-11-15 15:41:56"
        },
        {
            "name": "bulton-fr/dependency-tree",
            "version": "1.1.0",
            "source": {
                "type": "git",
                "url": "https://github.com/bulton-fr/dependency-tree.git",
                "reference": "2e772fc7ee23326e3aedcacd2e84fe26686f745f"
            },
            "dist": {
                "type": "zip",
                "url": "https://api.github.com/repos/bulton-fr/dependency-tree/zipball/2e772fc7ee23326e3aedcacd2e84fe26686f745f",
                "reference": "2e772fc7ee23326e3aedcacd2e84fe26686f745f",
                "shasum": ""
            },
            "require": {
                "php": ">=5.6.0"
            },
            "require-dev": {
                "atoum/atoum": "~3.1",
                "atoum/visibility-extension": "~1.3"
            },
            "type": "library",
            "autoload": {
                "psr-4": {
                    "bultonFr\\DependencyTree\\": "src"
                }
            },
            "notification-url": "https://packagist.org/downloads/",
            "license": [
                "LGPL-3.0"
            ],
            "authors": [
                {
                    "name": "Vermeulen Maxime / Bulton",
                    "email": "bulton.fr@gmail.com",
                    "homepage": "http://www.bulton.fr"
                }
            ],
            "description": "Lib to generate a tree of dependencies with PHP",
            "homepage": "https://github.com/bulton-fr/dependency-tree",
            "keywords": [
                "dependency tree",
                "php"
            ],
            "time": "2016-06-19T00:00:00+00:00"
        },
        {
            "name": "bulton-fr/php-to-xml",
            "version": "1.0.0",
            "source": {
                "type": "git",
                "url": "https://github.com/bulton-fr/php-to-xml.git",
                "reference": "3d19060a7f7a1884db4b5f1ba0d45dae213529a3"
            },
            "dist": {
                "type": "zip",
                "url": "https://api.github.com/repos/bulton-fr/php-to-xml/zipball/3d19060a7f7a1884db4b5f1ba0d45dae213529a3",
                "reference": "3d19060a7f7a1884db4b5f1ba0d45dae213529a3",
                "shasum": ""
            },
            "require": {
                "php": ">=5.4.0"
            },
            "require-dev": {
                "atoum/atoum": "~2.5"
            },
            "type": "library",
            "autoload": {
                "psr-4": {
                    "bultonFr\\PhpToXml\\": "src"
                }
            },
            "notification-url": "https://packagist.org/downloads/",
            "license": [
                "LGPL-3.0"
            ],
            "authors": [
                {
                    "name": "Vermeulen Maxime / Bulton",
                    "email": "bulton.fr@bulton.fr",
                    "homepage": "http://www.bulton.fr"
                }
            ],
            "description": "Convert php structure to xml file",
            "homepage": "https://github.com/bulton-fr/php-to-xml",
            "keywords": [
                "xml"
            ],
            "time": "2016-10-23T00:00:00+00:00"
        },
        {
            "name": "fenom/fenom",
            "version": "2.11.9",
            "source": {
                "type": "git",
                "url": "https://github.com/fenom-template/fenom.git",
                "reference": "9a1e56d16454a23c5c7353913625ee79543f9bac"
            },
            "dist": {
                "type": "zip",
                "url": "https://api.github.com/repos/fenom-template/fenom/zipball/9a1e56d16454a23c5c7353913625ee79543f9bac",
                "reference": "9a1e56d16454a23c5c7353913625ee79543f9bac",
                "shasum": ""
            },
            "require": {
                "ext-tokenizer": "*",
                "php": ">=5.3.0"
            },
            "require-dev": {
                "phpunit/phpunit": "<6.0",
                "satooshi/php-coveralls": "*"
            },
            "type": "library",
            "autoload": {
                "psr-0": {
                    "Fenom\\": "src/"
                },
                "classmap": [
                    "src/Fenom.php"
                ]
            },
            "notification-url": "https://packagist.org/downloads/",
            "license": [
                "BSD-3"
            ],
            "authors": [
                {
                    "name": "Ivan Shalganov",
                    "email": "a.cobest@gmail.com"
                }
            ],
            "description": "Fenom - excellent template engine for PHP",
            "keywords": [
                "fenom",
                "template",
                "templater",
                "templating"
            ],
            "time": "2018-03-28T09:36:06+00:00"
        },
        {
            "name": "monolog/monolog",
            "version": "1.24.0",
            "source": {
                "type": "git",
                "url": "https://github.com/Seldaek/monolog.git",
                "reference": "bfc9ebb28f97e7a24c45bdc3f0ff482e47bb0266"
            },
            "dist": {
                "type": "zip",
                "url": "https://api.github.com/repos/Seldaek/monolog/zipball/bfc9ebb28f97e7a24c45bdc3f0ff482e47bb0266",
                "reference": "bfc9ebb28f97e7a24c45bdc3f0ff482e47bb0266",
                "shasum": ""
            },
            "require": {
                "php": ">=5.3.0",
                "psr/log": "~1.0"
            },
            "provide": {
                "psr/log-implementation": "1.0.0"
            },
            "require-dev": {
                "aws/aws-sdk-php": "^2.4.9 || ^3.0",
                "doctrine/couchdb": "~1.0@dev",
                "graylog2/gelf-php": "~1.0",
                "jakub-onderka/php-parallel-lint": "0.9",
                "php-amqplib/php-amqplib": "~2.4",
                "php-console/php-console": "^3.1.3",
                "phpunit/phpunit": "~4.5",
                "phpunit/phpunit-mock-objects": "2.3.0",
                "ruflin/elastica": ">=0.90 <3.0",
                "sentry/sentry": "^0.13",
                "swiftmailer/swiftmailer": "^5.3|^6.0"
            },
            "suggest": {
                "aws/aws-sdk-php": "Allow sending log messages to AWS services like DynamoDB",
                "doctrine/couchdb": "Allow sending log messages to a CouchDB server",
                "ext-amqp": "Allow sending log messages to an AMQP server (1.0+ required)",
                "ext-mongo": "Allow sending log messages to a MongoDB server",
                "graylog2/gelf-php": "Allow sending log messages to a GrayLog2 server",
                "mongodb/mongodb": "Allow sending log messages to a MongoDB server via PHP Driver",
                "php-amqplib/php-amqplib": "Allow sending log messages to an AMQP server using php-amqplib",
                "php-console/php-console": "Allow sending log messages to Google Chrome",
                "rollbar/rollbar": "Allow sending log messages to Rollbar",
                "ruflin/elastica": "Allow sending log messages to an Elastic Search server",
                "sentry/sentry": "Allow sending log messages to a Sentry server"
            },
            "type": "library",
            "extra": {
                "branch-alias": {
                    "dev-master": "2.0.x-dev"
                }
            },
            "autoload": {
                "psr-4": {
                    "Monolog\\": "src/Monolog"
                }
            },
            "notification-url": "https://packagist.org/downloads/",
            "license": [
                "MIT"
            ],
            "authors": [
                {
                    "name": "Jordi Boggiano",
                    "email": "j.boggiano@seld.be",
                    "homepage": "http://seld.be"
                }
            ],
            "description": "Sends your logs to files, sockets, inboxes, databases and various web services",
            "homepage": "http://github.com/Seldaek/monolog",
            "keywords": [
                "log",
                "logging",
                "psr-3"
            ],
            "time": "2018-11-05T09:00:11+00:00"
        },
        {
            "name": "nikic/fast-route",
            "version": "v1.3.0",
            "source": {
                "type": "git",
                "url": "https://github.com/nikic/FastRoute.git",
                "reference": "181d480e08d9476e61381e04a71b34dc0432e812"
            },
            "dist": {
                "type": "zip",
                "url": "https://api.github.com/repos/nikic/FastRoute/zipball/181d480e08d9476e61381e04a71b34dc0432e812",
                "reference": "181d480e08d9476e61381e04a71b34dc0432e812",
                "shasum": ""
            },
            "require": {
                "php": ">=5.4.0"
            },
            "require-dev": {
                "phpunit/phpunit": "^4.8.35|~5.7"
            },
            "type": "library",
            "autoload": {
                "psr-4": {
                    "FastRoute\\": "src/"
                },
                "files": [
                    "src/functions.php"
                ]
            },
            "notification-url": "https://packagist.org/downloads/",
            "license": [
                "BSD-3-Clause"
            ],
            "authors": [
                {
                    "name": "Nikita Popov",
                    "email": "nikic@php.net"
                }
            ],
            "description": "Fast request router for PHP",
            "keywords": [
                "router",
                "routing"
            ],
            "time": "2018-02-13T20:26:39+00:00"
        },
        {
            "name": "psr/log",
            "version": "1.0.2",
            "source": {
                "type": "git",
                "url": "https://github.com/php-fig/log.git",
                "reference": "4ebe3a8bf773a19edfe0a84b6585ba3d401b724d"
            },
            "dist": {
                "type": "zip",
                "url": "https://api.github.com/repos/php-fig/log/zipball/4ebe3a8bf773a19edfe0a84b6585ba3d401b724d",
                "reference": "4ebe3a8bf773a19edfe0a84b6585ba3d401b724d",
                "shasum": ""
            },
            "require": {
                "php": ">=5.3.0"
            },
            "type": "library",
            "extra": {
                "branch-alias": {
                    "dev-master": "1.0.x-dev"
                }
            },
            "autoload": {
                "psr-4": {
                    "Psr\\Log\\": "Psr/Log/"
                }
            },
            "notification-url": "https://packagist.org/downloads/",
            "license": [
                "MIT"
            ],
            "authors": [
                {
                    "name": "PHP-FIG",
                    "homepage": "http://www.php-fig.org/"
                }
            ],
            "description": "Common interface for logging libraries",
            "homepage": "https://github.com/php-fig/log",
            "keywords": [
                "log",
                "psr",
                "psr-3"
            ],
            "time": "2016-10-10T12:19:37+00:00"
        }
    ],
    "packages-dev": [],
    "aliases": [],
    "minimum-stability": "stable",
    "stability-flags": {
        "bulton-fr/bfw": 5,
        "bulton-fr/bfw-controller": 5,
        "bulton-fr/bfw-fastroute": 5,
        "bulton-fr/bfw-fenom": 5,
        "bulton-fr/bfw-api": 5,
        "bulton-fr/bfw-sql": 20
    },
    "prefer-stable": false,
    "prefer-lowest": false,
    "platform": [],
    "platform-dev": []
}
